
Microsoft Visual Studio Solution File, Format Version 12.00
# Visual Studio Version 17
VisualStudioVersion = 17.11.35219.272
MinimumVisualStudioVersion = 10.0.40219.1
Project("{FAE04EC0-301F-11D3-BF4B-00C04F79EFBC}") = "Labb_03_quiz_with_gui", "Labb_03_quiz_with_gui\Labb_03_quiz_with_gui.csproj", "{075B610F-C657-4DA8-B0A6-683A42383A9E}"
EndProject
Global
	GlobalSection(SolutionConfigurationPlatforms) = preSolution
		Debug|Any CPU = Debug|Any CPU
		Release|Any CPU = Release|Any CPU
	EndGlobalSection
	GlobalSection(ProjectConfigurationPlatforms) = postSolution
		{075B610F-C657-4DA8-B0A6-683A42383A9E}.Debug|Any CPU.ActiveCfg = Debug|Any CPU
		{075B610F-C657-4DA8-B0A6-683A42383A9E}.Debug|Any CPU.Build.0 = Debug|Any CPU
		{075B610F-C657-4DA8-B0A6-683A42383A9E}.Release|Any CPU.ActiveCfg = Release|Any CPU
		{075B610F-C657-4DA8-B0A6-683A42383A9E}.Release|Any CPU.Build.0 = Release|Any CPU
	EndGlobalSection
	GlobalSection(SolutionProperties) = preSolution
		HideSolutionNode = FALSE
	EndGlobalSection
	GlobalSection(ExtensibilityGlobals) = postSolution
		SolutionGuid = {21793EEC-A58E-4DFA-96A4-73E7AC68C728}
	EndGlobalSection
EndGlobal
